# generated by rye
# use `rye lock` or `rye sync` to update this lockfile
#
# last locked with the following flags:
#   pre: false
#   features: []
#   all-features: false
#   with-sources: false

-e file:.
certifi==2024.2.2
    # via requests
charset-normalizer==3.3.2
    # via requests
docker==7.0.0
    # via sandbox
idna==3.7
    # via requests
packaging==24.0
    # via docker
psutil==5.9.8
    # via sandbox
requests==2.31.0
    # via docker
urllib3==2.2.1
    # via docker
    # via requests
